
Microsoft Visual Studio Solution File, Format Version 12.00
# Visual Studio Version 16
VisualStudioVersion = 16.0.31605.320
MinimumVisualStudioVersion = 10.0.40219.1
Project("{9A19103F-16F7-4668-BE54-9A1E7A4F7556}") = "FilmesAPI", "FilmesAPI.csproj", "{5175FE24-0EAA-4DF9-B31B-617C5AEB9559}"
EndProject
Global
	GlobalSection(SolutionConfigurationPlatforms) = preSolution
		Debug|Any CPU = Debug|Any CPU
		Release|Any CPU = Release|Any CPU
	EndGlobalSection
	GlobalSection(ProjectConfigurationPlatforms) = postSolution
		{5175FE24-0EAA-4DF9-B31B-617C5AEB9559}.Debug|Any CPU.ActiveCfg = Debug|Any CPU
		{5175FE24-0EAA-4DF9-B31B-617C5AEB9559}.Debug|Any CPU.Build.0 = Debug|Any CPU
		{5175FE24-0EAA-4DF9-B31B-617C5AEB9559}.Release|Any CPU.ActiveCfg = Release|Any CPU
		{5175FE24-0EAA-4DF9-B31B-617C5AEB9559}.Release|Any CPU.Build.0 = Release|Any CPU
	EndGlobalSection
	GlobalSection(SolutionProperties) = preSolution
		HideSolutionNode = FALSE
	EndGlobalSection
	GlobalSection(ExtensibilityGlobals) = postSolution
		SolutionGuid = {FAE68EBD-7754-4F71-A093-3CD40C05FFD7}
	EndGlobalSection
EndGlobal
